// !$*UTF8*$!
{
	archiveVersion = 1;
	classes = {
	};
	objectVersion = 56;
	objects = {

/* Begin PBXBuildFile section */
		968871AE2BEFBD6B00C29C6C /* Todo.swift in Sources */ = {isa = PBXBuildFile; fileRef = 968871AD2BEFBD6B00C29C6C /* Todo.swift */; };
		968871B12BEFBE5F00C29C6C /* TodoCard.swift in Sources */ = {isa = PBXBuildFile; fileRef = 968871B02BEFBE5F00C29C6C /* TodoCard.swift */; };
		968871B42BEFD0F600C29C6C /* TodoViewModel.swift in Sources */ = {isa = PBXBuildFile; fileRef = 968871B32BEFD0F600C29C6C /* TodoViewModel.swift */; };
		968871BD2BF31D9000C29C6C /* Color.swift in Sources */ = {isa = PBXBuildFile; fileRef = 968871BC2BF31D9000C29C6C /* Color.swift */; };
		969F5A5C2BDB1C8C00D3A1FA /* todo_appApp.swift in Sources */ = {isa = PBXBuildFile; fileRef = 969F5A5B2BDB1C8C00D3A1FA /* todo_appApp.swift */; };
		969F5A5E2BDB1C8C00D3A1FA /* ContentView.swift in Sources */ = {isa = PBXBuildFile; fileRef = 969F5A5D2BDB1C8C00D3A1FA /* ContentView.swift */; };
		969F5A602BDB1C9900D3A1FA /* Assets.xcassets in Resources */ = {isa = PBXBuildFile; fileRef = 969F5A5F2BDB1C9900D3A1FA /* Assets.xcassets */; };
		969F5A632BDB1C9900D3A1FA /* Preview Assets.xcassets in Resources */ = {isa = PBXBuildFile; fileRef = 969F5A622BDB1C9900D3A1FA /* Preview Assets.xcassets */; };
/* End PBXBuildFile section */

/* Begin PBXFileReference section */
		968871AD2BEFBD6B00C29C6C /* Todo.swift */ = {isa = PBXFileReference; lastKnownFileType = sourcecode.swift; path = Todo.swift; sourceTree = "<group>"; };
		968871B02BEFBE5F00C29C6C /* TodoCard.swift */ = {isa = PBXFileReference; lastKnownFileType = sourcecode.swift; path = TodoCard.swift; sourceTree = "<group>"; };
		968871B32BEFD0F600C29C6C /* TodoViewModel.swift */ = {isa = PBXFileReference; lastKnownFileType = sourcecode.swift; path = TodoViewModel.swift; sourceTree = "<group>"; };
		968871BC2BF31D9000C29C6C /* Color.swift */ = {isa = PBXFileReference; lastKnownFileType = sourcecode.swift; path = Color.swift; sourceTree = "<group>"; };
		969F5A582BDB1C8C00D3A1FA /* todo-app.app */ = {isa = PBXFileReference; explicitFileType = wrapper.application; includeInIndex = 0; path = "todo-app.app"; sourceTree = BUILT_PRODUCTS_DIR; };
		969F5A5B2BDB1C8C00D3A1FA /* todo_appApp.swift */ = {isa = PBXFileReference; lastKnownFileType = sourcecode.swift; path = todo_appApp.swift; sourceTree = "<group>"; };
		969F5A5D2BDB1C8C00D3A1FA /* ContentView.swift */ = {isa = PBXFileReference; lastKnownFileType = sourcecode.swift; path = ContentView.swift; sourceTree = "<group>"; };
		969F5A5F2BDB1C9900D3A1FA /* Assets.xcassets */ = {isa = PBXFileReference; lastKnownFileType = folder.assetcatalog; path = Assets.xcassets; sourceTree = "<group>"; };
		969F5A622BDB1C9900D3A1FA /* Preview Assets.xcassets */ = {isa = PBXFileReference; lastKnownFileType = folder.assetcatalog; path = "Preview Assets.xcassets"; sourceTree = "<group>"; };
/* End PBXFileReference section */

/* Begin PBXFrameworksBuildPhase section */
		969F5A552BDB1C8C00D3A1FA /* Frameworks */ = {
			isa = PBXFrameworksBuildPhase;
			buildActionMask = 2147483647;
			files = (
			);
			runOnlyForDeploymentPostprocessing = 0;
		};
/* End PBXFrameworksBuildPhase section */

/* Begin PBXGroup section */
		968871AC2BEFBBFE00C29C6C /* Model */ = {
			isa = PBXGroup;
			children = (
				968871AD2BEFBD6B00C29C6C /* Todo.swift */,
			);
			path = Model;
			sourceTree = "<group>";
		};
		968871AF2BEFBE4D00C29C6C /* View */ = {
			isa = PBXGroup;
			children = (
				968871B02BEFBE5F00C29C6C /* TodoCard.swift */,
			);
			path = View;
			sourceTree = "<group>";
		};
		968871B22BEFD0D800C29C6C /* ViewModel */ = {
			isa = PBXGroup;
			children = (
				968871B32BEFD0F600C29C6C /* TodoViewModel.swift */,
			);
			path = ViewModel;
			sourceTree = "<group>";
		};
		968871BB2BF31D7800C29C6C /* styles */ = {
			isa = PBXGroup;
			children = (
				968871BC2BF31D9000C29C6C /* Color.swift */,
			);
			path = styles;
			sourceTree = "<group>";
		};
		969F5A4F2BDB1C8C00D3A1FA = {
			isa = PBXGroup;
			children = (
				969F5A5A2BDB1C8C00D3A1FA /* todo-app */,
				969F5A592BDB1C8C00D3A1FA /* Products */,
			);
			sourceTree = "<group>";
		};
		969F5A592BDB1C8C00D3A1FA /* Products */ = {
			isa = PBXGroup;
			children = (
				969F5A582BDB1C8C00D3A1FA /* todo-app.app */,
			);
			name = Products;
			sourceTree = "<group>";
		};
		969F5A5A2BDB1C8C00D3A1FA /* todo-app */ = {
			isa = PBXGroup;
			children = (
				968871BB2BF31D7800C29C6C /* styles */,
				968871B22BEFD0D800C29C6C /* ViewModel */,
				968871AF2BEFBE4D00C29C6C /* View */,
				968871AC2BEFBBFE00C29C6C /* Model */,
				969F5A5B2BDB1C8C00D3A1FA /* todo_appApp.swift */,
				969F5A5D2BDB1C8C00D3A1FA /* ContentView.swift */,
				969F5A5F2BDB1C9900D3A1FA /* Assets.xcassets */,
				969F5A612BDB1C9900D3A1FA /* Preview Content */,
			);
			path = "todo-app";
			sourceTree = "<group>";
		};
		969F5A612BDB1C9900D3A1FA /* Preview Content */ = {
			isa = PBXGroup;
			children = (
				969F5A622BDB1C9900D3A1FA /* Preview Assets.xcassets */,
			);
			path = "Preview Content";
			sourceTree = "<group>";
		};
/* End PBXGroup section */

/* Begin PBXNativeTarget section */
		969F5A572BDB1C8C00D3A1FA /* todo-app */ = {
			isa = PBXNativeTarget;
			buildConfigurationList = 969F5A662BDB1C9900D3A1FA /* Build configuration list for PBXNativeTarget "todo-app" */;
			buildPhases = (
				969F5A542BDB1C8C00D3A1FA /* Sources */,
				969F5A552BDB1C8C00D3A1FA /* Frameworks */,
				969F5A562BDB1C8C00D3A1FA /* Resources */,
			);
			buildRules = (
			);
			dependencies = (
			);
			name = "todo-app";
			productName = "todo-app";
			productReference = 969F5A582BDB1C8C00D3A1FA /* todo-app.app */;
			productType = "com.apple.product-type.application";
		};
/* End PBXNativeTarget section */

/* Begin PBXProject section */
		969F5A502BDB1C8C00D3A1FA /* Project object */ = {
			isa = PBXProject;
			attributes = {
				BuildIndependentTargetsInParallel = 1;
				LastSwiftUpdateCheck = 1530;
				LastUpgradeCheck = 1530;
				TargetAttributes = {
					969F5A572BDB1C8C00D3A1FA = {
						CreatedOnToolsVersion = 15.3;
					};
				};
			};
			buildConfigurationList = 969F5A532BDB1C8C00D3A1FA /* Build configuration list for PBXProject "todo-app" */;
			compatibilityVersion = "Xcode 14.0";
			developmentRegion = en;
			hasScannedForEncodings = 0;
			knownRegions = (
				en,
				Base,
			);
			mainGroup = 969F5A4F2BDB1C8C00D3A1FA;
			productRefGroup = 969F5A592BDB1C8C00D3A1FA /* Products */;
			projectDirPath = "";
			projectRoot = "";
			targets = (
				969F5A572BDB1C8C00D3A1FA /* todo-app */,
			);
		};
/* End PBXProject section */

/* Begin PBXResourcesBuildPhase section */
		969F5A562BDB1C8C00D3A1FA /* Resources */ = {
			isa = PBXResourcesBuildPhase;
			buildActionMask = 2147483647;
			files = (
				969F5A632BDB1C9900D3A1FA /* Preview Assets.xcassets in Resources */,
				969F5A602BDB1C9900D3A1FA /* Assets.xcassets in Resources */,
			);
			runOnlyForDeploymentPostprocessing = 0;
		};
/* End PBXResourcesBuildPhase section */

/* Begin PBXSourcesBuildPhase section */
		969F5A542BDB1C8C00D3A1FA /* Sources */ = {
			isa = PBXSourcesBuildPhase;
			buildActionMask = 2147483647;
			files = (
				969F5A5E2BDB1C8C00D3A1FA /* ContentView.swift in Sources */,
				968871BD2BF31D9000C29C6C /* Color.swift in Sources */,
				968871AE2BEFBD6B00C29C6C /* Todo.swift in Sources */,
				968871B12BEFBE5F00C29C6C /* TodoCard.swift in Sources */,
				968871B42BEFD0F600C29C6C /* TodoViewModel.swift in Sources */,
				969F5A5C2BDB1C8C00D3A1FA /* todo_appApp.swift in Sources */,
			);
			runOnlyForDeploymentPostprocessing = 0;
		};
/* End PBXSourcesBuildPhase section */

/* Begin XCBuildConfiguration section */
		969F5A642BDB1C9900D3A1FA /* Debug */ = {
			isa = XCBuildConfiguration;
			buildSettings = {
				ALWAYS_SEARCH_USER_PATHS = NO;
				ASSETCATALOG_COMPILER_GENERATE_SWIFT_ASSET_SYMBOL_EXTENSIONS = YES;
				CLANG_ANALYZER_NONNULL = YES;
				CLANG_ANALYZER_NUMBER_OBJECT_CONVERSION = YES_AGGRESSIVE;
				CLANG_CXX_LANGUAGE_STANDARD = "gnu++20";
				CLANG_ENABLE_MODULES = YES;
				CLANG_ENABLE_OBJC_ARC = YES;
				CLANG_ENABLE_OBJC_WEAK = YES;
				CLANG_WARN_BLOCK_CAPTURE_AUTORELEASING = YES;
				CLANG_WARN_BOOL_CONVERSION = YES;
				CLANG_WARN_COMMA = YES;
				CLANG_WARN_CONSTANT_CONVERSION = YES;
				CLANG_WARN_DEPRECATED_OBJC_IMPLEMENTATIONS = YES;
				CLANG_WARN_DIRECT_OBJC_ISA_USAGE = YES_ERROR;
				CLANG_WARN_DOCUMENTATION_COMMENTS = YES;
				CLANG_WARN_EMPTY_BODY = YES;
				CLANG_WARN_ENUM_CONVERSION = YES;
				CLANG_WARN_INFINITE_RECURSION = YES;
				CLANG_WARN_INT_CONVERSION = YES;
				CLANG_WARN_NON_LITERAL_NULL_CONVERSION = YES;
				CLANG_WARN_OBJC_IMPLICIT_RETAIN_SELF = YES;
				CLANG_WARN_OBJC_LITERAL_CONVERSION = YES;
				CLANG_WARN_OBJC_ROOT_CLASS = YES_ERROR;
				CLANG_WARN_QUOTED_INCLUDE_IN_FRAMEWORK_HEADER = YES;
				CLANG_WARN_RANGE_LOOP_ANALYSIS = YES;
				CLANG_WARN_STRICT_PROTOTYPES = YES;
				CLANG_WARN_SUSPICIOUS_MOVE = YES;
				CLANG_WARN_UNGUARDED_AVAILABILITY = YES_AGGRESSIVE;
				CLANG_WARN_UNREACHABLE_CODE = YES;
				CLANG_WARN__DUPLICATE_METHOD_MATCH = YES;
				COPY_PHASE_STRIP = NO;
				DEBUG_INFORMATION_FORMAT = dwarf;
				ENABLE_STRICT_OBJC_MSGSEND = YES;
				ENABLE_TESTABILITY = YES;
				ENABLE_USER_SCRIPT_SANDBOXING = YES;
				GCC_C_LANGUAGE_STANDARD = gnu17;
				GCC_DYNAMIC_NO_PIC = NO;
				GCC_NO_COMMON_BLOCKS = YES;
				GCC_OPTIMIZATION_LEVEL = 0;
				GCC_PREPROCESSOR_DEFINITIONS = (
					"DEBUG=1",
					"$(inherited)",
				);
				GCC_WARN_64_TO_32_BIT_CONVERSION = YES;
				GCC_WARN_ABOUT_RETURN_TYPE = YES_ERROR;
				GCC_WARN_UNDECLARED_SELECTOR = YES;
				GCC_WARN_UNINITIALIZED_AUTOS = YES_AGGRESSIVE;
				GCC_WARN_UNUSED_FUNCTION = YES;
				GCC_WARN_UNUSED_VARIABLE = YES;
				IPHONEOS_DEPLOYMENT_TARGET = 17.4;
				LOCALIZATION_PREFERS_STRING_CATALOGS = YES;
				MTL_ENABLE_DEBUG_INFO = INCLUDE_SOURCE;
				MTL_FAST_MATH = YES;
				ONLY_ACTIVE_ARCH = YES;
				SDKROOT = iphoneos;
				SWIFT_ACTIVE_COMPILATION_CONDITIONS = "DEBUG $(inherited)";
				SWIFT_OPTIMIZATION_LEVEL = "-Onone";
			};
			name = Debug;
		};
		969F5A652BDB1C9900D3A1FA /* Release */ = {
			isa = XCBuildConfiguration;
			buildSettings = {
				ALWAYS_SEARCH_USER_PATHS = NO;
				ASSETCATALOG_COMPILER_GENERATE_SWIFT_ASSET_SYMBOL_EXTENSIONS = YES;
				CLANG_ANALYZER_NONNULL = YES;
				CLANG_ANALYZER_NUMBER_OBJECT_CONVERSION = YES_AGGRESSIVE;
				CLANG_CXX_LANGUAGE_STANDARD = "gnu++20";
				CLANG_ENABLE_MODULES = YES;
				CLANG_ENABLE_OBJC_ARC = YES;
				CLANG_ENABLE_OBJC_WEAK = YES;
				CLANG_WARN_BLOCK_CAPTURE_AUTORELEASING = YES;
				CLANG_WARN_BOOL_CONVERSION = YES;
				CLANG_WARN_COMMA = YES;
				CLANG_WARN_CONSTANT_CONVERSION = YES;
				CLANG_WARN_DEPRECATED_OBJC_IMPLEMENTATIONS = YES;
				CLANG_WARN_DIRECT_OBJC_ISA_USAGE = YES_ERROR;
				CLANG_WARN_DOCUMENTATION_COMMENTS = YES;
				CLANG_WARN_EMPTY_BODY = YES;
				CLANG_WARN_ENUM_CONVERSION = YES;
				CLANG_WARN_INFINITE_RECURSION = YES;
				CLANG_WARN_INT_CONVERSION = YES;
				CLANG_WARN_NON_LITERAL_NULL_CONVERSION = YES;
				CLANG_WARN_OBJC_IMPLICIT_RETAIN_SELF = YES;
				CLANG_WARN_OBJC_LITERAL_CONVERSION = YES;
				CLANG_WARN_OBJC_ROOT_CLASS = YES_ERROR;
				CLANG_WARN_QUOTED_INCLUDE_IN_FRAMEWORK_HEADER = YES;
				CLANG_WARN_RANGE_LOOP_ANALYSIS = YES;
				CLANG_WARN_STRICT_PROTOTYPES = YES;
				CLANG_WARN_SUSPICIOUS_MOVE = YES;
				CLANG_WARN_UNGUARDED_AVAILABILITY = YES_AGGRESSIVE;
				CLANG_WARN_UNREACHABLE_CODE = YES;
				CLANG_WARN__DUPLICATE_METHOD_MATCH = YES;
				COPY_PHASE_STRIP = NO;
				DEBUG_INFORMATION_FORMAT = "dwarf-with-dsym";
				ENABLE_NS_ASSERTIONS = NO;
				ENABLE_STRICT_OBJC_MSGSEND = YES;
				ENABLE_USER_SCRIPT_SANDBOXING = YES;
				GCC_C_LANGUAGE_STANDARD = gnu17;
				GCC_NO_COMMON_BLOCKS = YES;
				GCC_WARN_64_TO_32_BIT_CONVERSION = YES;
				GCC_WARN_ABOUT_RETURN_TYPE = YES_ERROR;
				GCC_WARN_UNDECLARED_SELECTOR = YES;
				GCC_WARN_UNINITIALIZED_AUTOS = YES_AGGRESSIVE;
				GCC_WARN_UNUSED_FUNCTION = YES;
				GCC_WARN_UNUSED_VARIABLE = YES;
				IPHONEOS_DEPLOYMENT_TARGET = 17.4;
				LOCALIZATION_PREFERS_STRING_CATALOGS = YES;
				MTL_ENABLE_DEBUG_INFO = NO;
				MTL_FAST_MATH = YES;
				SDKROOT = iphoneos;
				SWIFT_COMPILATION_MODE = wholemodule;
				VALIDATE_PRODUCT = YES;
			};
			name = Release;
		};
		969F5A672BDB1C9900D3A1FA /* Debug */ = {
			isa = XCBuildConfiguration;
			buildSettings = {
				ASSETCATALOG_COMPILER_APPICON_NAME = AppIcon;
				ASSETCATALOG_COMPILER_GLOBAL_ACCENT_COLOR_NAME = AccentColor;
				CODE_SIGN_STYLE = Automatic;
				CURRENT_PROJECT_VERSION = 1;
				DEVELOPMENT_ASSET_PATHS = "\"todo-app/Preview Content\"";
				ENABLE_PREVIEWS = YES;
				GENERATE_INFOPLIST_FILE = YES;
				INFOPLIST_KEY_UIApplicationSceneManifest_Generation = YES;
				INFOPLIST_KEY_UIApplicationSupportsIndirectInputEvents = YES;
				INFOPLIST_KEY_UILaunchScreen_Generation = YES;
				INFOPLIST_KEY_UISupportedInterfaceOrientations_iPad = "UIInterfaceOrientationPortrait UIInterfaceOrientationPortraitUpsideDown UIInterfaceOrientationLandscapeLeft UIInterfaceOrientationLandscapeRight";
				INFOPLIST_KEY_UISupportedInterfaceOrientations_iPhone = "UIInterfaceOrientationPortrait UIInterfaceOrientationLandscapeLeft UIInterfaceOrientationLandscapeRight";
				LD_RUNPATH_SEARCH_PATHS = (
					"$(inherited)",
					"@executable_path/Frameworks",
				);
				MARKETING_VERSION = 1.0;
				PRODUCT_BUNDLE_IDENTIFIER = "maxence.todo-app";
				PRODUCT_NAME = "$(TARGET_NAME)";
				SWIFT_EMIT_LOC_STRINGS = YES;
				SWIFT_VERSION = 5.0;
				TARGETED_DEVICE_FAMILY = "1,2";
			};
			name = Debug;
		};
		969F5A682BDB1C9900D3A1FA /* Release */ = {
			isa = XCBuildConfiguration;
			buildSettings = {
				ASSETCATALOG_COMPILER_APPICON_NAME = AppIcon;
				ASSETCATALOG_COMPILER_GLOBAL_ACCENT_COLOR_NAME = AccentColor;
				CODE_SIGN_STYLE = Automatic;
				CURRENT_PROJECT_VERSION = 1;
				DEVELOPMENT_ASSET_PATHS = "\"todo-app/Preview Content\"";
				ENABLE_PREVIEWS = YES;
				GENERATE_INFOPLIST_FILE = YES;
				INFOPLIST_KEY_UIApplicationSceneManifest_Generation = YES;
				INFOPLIST_KEY_UIApplicationSupportsIndirectInputEvents = YES;
				INFOPLIST_KEY_UILaunchScreen_Generation = YES;
				INFOPLIST_KEY_UISupportedInterfaceOrientations_iPad = "UIInterfaceOrientationPortrait UIInterfaceOrientationPortraitUpsideDown UIInterfaceOrientationLandscapeLeft UIInterfaceOrientationLandscapeRight";
				INFOPLIST_KEY_UISupportedInterfaceOrientations_iPhone = "UIInterfaceOrientationPortrait UIInterfaceOrientationLandscapeLeft UIInterfaceOrientationLandscapeRight";
				LD_RUNPATH_SEARCH_PATHS = (
					"$(inherited)",
					"@executable_path/Frameworks",
				);
				MARKETING_VERSION = 1.0;
				PRODUCT_BUNDLE_IDENTIFIER = "maxence.todo-app";
				PRODUCT_NAME = "$(TARGET_NAME)";
				SWIFT_EMIT_LOC_STRINGS = YES;
				SWIFT_VERSION = 5.0;
				TARGETED_DEVICE_FAMILY = "1,2";
			};
			name = Release;
		};
/* End XCBuildConfiguration section */

/* Begin XCConfigurationList section */
		969F5A532BDB1C8C00D3A1FA /* Build configuration list for PBXProject "todo-app" */ = {
			isa = XCConfigurationList;
			buildConfigurations = (
				969F5A642BDB1C9900D3A1FA /* Debug */,
				969F5A652BDB1C9900D3A1FA /* Release */,
			);
			defaultConfigurationIsVisible = 0;
			defaultConfigurationName = Release;
		};
		969F5A662BDB1C9900D3A1FA /* Build configuration list for PBXNativeTarget "todo-app" */ = {
			isa = XCConfigurationList;
			buildConfigurations = (
				969F5A672BDB1C9900D3A1FA /* Debug */,
				969F5A682BDB1C9900D3A1FA /* Release */,
			);
			defaultConfigurationIsVisible = 0;
			defaultConfigurationName = Release;
		};
/* End XCConfigurationList section */
	};
	rootObject = 969F5A502BDB1C8C00D3A1FA /* Project object */;
}
